
Microsoft Visual Studio Solution File, Format Version 12.00
# Visual Studio Version 17
VisualStudioVersion = 17.9.34728.123
MinimumVisualStudioVersion = 10.0.40219.1
Project("{FAE04EC0-301F-11D3-BF4B-00C04F79EFBC}") = "Home Work Group", "Home Work Group\Home Work Group.csproj", "{2EB11F57-DF21-4A2C-808C-605BDCD97FF5}"
EndProject
Global
	GlobalSection(SolutionConfigurationPlatforms) = preSolution
		Debug|Any CPU = Debug|Any CPU
		Release|Any CPU = Release|Any CPU
	EndGlobalSection
	GlobalSection(ProjectConfigurationPlatforms) = postSolution
		{2EB11F57-DF21-4A2C-808C-605BDCD97FF5}.Debug|Any CPU.ActiveCfg = Debug|Any CPU
		{2EB11F57-DF21-4A2C-808C-605BDCD97FF5}.Debug|Any CPU.Build.0 = Debug|Any CPU
		{2EB11F57-DF21-4A2C-808C-605BDCD97FF5}.Release|Any CPU.ActiveCfg = Release|Any CPU
		{2EB11F57-DF21-4A2C-808C-605BDCD97FF5}.Release|Any CPU.Build.0 = Release|Any CPU
	EndGlobalSection
	GlobalSection(SolutionProperties) = preSolution
		HideSolutionNode = FALSE
	EndGlobalSection
	GlobalSection(ExtensibilityGlobals) = postSolution
		SolutionGuid = {4587BFA8-1B93-479D-B691-140496EF7066}
	EndGlobalSection
EndGlobal
