
Microsoft Visual Studio Solution File, Format Version 12.00
# Visual Studio Version 17
VisualStudioVersion = 17.11.35219.272
MinimumVisualStudioVersion = 10.0.40219.1
Project("{FAE04EC0-301F-11D3-BF4B-00C04F79EFBC}") = "Class Work 22.10.24", "Class Work 22.10.24\Class Work 22.10.24.csproj", "{1BC1A361-39E3-44C1-8BF9-56BDEF0B287C}"
EndProject
Global
	GlobalSection(SolutionConfigurationPlatforms) = preSolution
		Debug|Any CPU = Debug|Any CPU
		Release|Any CPU = Release|Any CPU
	EndGlobalSection
	GlobalSection(ProjectConfigurationPlatforms) = postSolution
		{1BC1A361-39E3-44C1-8BF9-56BDEF0B287C}.Debug|Any CPU.ActiveCfg = Debug|Any CPU
		{1BC1A361-39E3-44C1-8BF9-56BDEF0B287C}.Debug|Any CPU.Build.0 = Debug|Any CPU
		{1BC1A361-39E3-44C1-8BF9-56BDEF0B287C}.Release|Any CPU.ActiveCfg = Release|Any CPU
		{1BC1A361-39E3-44C1-8BF9-56BDEF0B287C}.Release|Any CPU.Build.0 = Release|Any CPU
	EndGlobalSection
	GlobalSection(SolutionProperties) = preSolution
		HideSolutionNode = FALSE
	EndGlobalSection
	GlobalSection(ExtensibilityGlobals) = postSolution
		SolutionGuid = {DF48ACF9-EC4C-4D7A-BC88-B53CAE622BF4}
	EndGlobalSection
EndGlobal
