
Microsoft Visual Studio Solution File, Format Version 12.00
# Visual Studio Version 17
VisualStudioVersion = 17.11.35219.272
MinimumVisualStudioVersion = 10.0.40219.1
Project("{FAE04EC0-301F-11D3-BF4B-00C04F79EFBC}") = "Home Work 10.09.24 (2)", "Home Work 10.09.24 (2)\Home Work 10.09.24 (2).csproj", "{2A1C3CD1-0646-4AF7-8379-4E4C31299398}"
EndProject
Global
	GlobalSection(SolutionConfigurationPlatforms) = preSolution
		Debug|Any CPU = Debug|Any CPU
		Release|Any CPU = Release|Any CPU
	EndGlobalSection
	GlobalSection(ProjectConfigurationPlatforms) = postSolution
		{2A1C3CD1-0646-4AF7-8379-4E4C31299398}.Debug|Any CPU.ActiveCfg = Debug|Any CPU
		{2A1C3CD1-0646-4AF7-8379-4E4C31299398}.Debug|Any CPU.Build.0 = Debug|Any CPU
		{2A1C3CD1-0646-4AF7-8379-4E4C31299398}.Release|Any CPU.ActiveCfg = Release|Any CPU
		{2A1C3CD1-0646-4AF7-8379-4E4C31299398}.Release|Any CPU.Build.0 = Release|Any CPU
	EndGlobalSection
	GlobalSection(SolutionProperties) = preSolution
		HideSolutionNode = FALSE
	EndGlobalSection
	GlobalSection(ExtensibilityGlobals) = postSolution
		SolutionGuid = {AA421CEB-E4BB-43DC-8D1C-57AC3C7ED913}
	EndGlobalSection
EndGlobal
