
Microsoft Visual Studio Solution File, Format Version 12.00
# Visual Studio Version 17
VisualStudioVersion = 17.11.35219.272
MinimumVisualStudioVersion = 10.0.40219.1
Project("{FAE04EC0-301F-11D3-BF4B-00C04F79EFBC}") = "Home Work 29.10.24", "Home Work 29.10.24\Home Work 29.10.24.csproj", "{ABE01BE7-446A-4432-A930-88B75EF5AA82}"
EndProject
Global
	GlobalSection(SolutionConfigurationPlatforms) = preSolution
		Debug|Any CPU = Debug|Any CPU
		Release|Any CPU = Release|Any CPU
	EndGlobalSection
	GlobalSection(ProjectConfigurationPlatforms) = postSolution
		{ABE01BE7-446A-4432-A930-88B75EF5AA82}.Debug|Any CPU.ActiveCfg = Debug|Any CPU
		{ABE01BE7-446A-4432-A930-88B75EF5AA82}.Debug|Any CPU.Build.0 = Debug|Any CPU
		{ABE01BE7-446A-4432-A930-88B75EF5AA82}.Release|Any CPU.ActiveCfg = Release|Any CPU
		{ABE01BE7-446A-4432-A930-88B75EF5AA82}.Release|Any CPU.Build.0 = Release|Any CPU
	EndGlobalSection
	GlobalSection(SolutionProperties) = preSolution
		HideSolutionNode = FALSE
	EndGlobalSection
	GlobalSection(ExtensibilityGlobals) = postSolution
		SolutionGuid = {B5C7E0D1-856E-4418-92E7-0D473FBC83BD}
	EndGlobalSection
EndGlobal
