
Microsoft Visual Studio Solution File, Format Version 12.00
# Visual Studio Version 17
VisualStudioVersion = 17.11.35219.272
MinimumVisualStudioVersion = 10.0.40219.1
Project("{FAE04EC0-301F-11D3-BF4B-00C04F79EFBC}") = "Home Work 11.11.24", "Home Work 11.11.24\Home Work 11.11.24.csproj", "{DDD11457-D154-431C-9A5A-431015F4A6BC}"
EndProject
Global
	GlobalSection(SolutionConfigurationPlatforms) = preSolution
		Debug|Any CPU = Debug|Any CPU
		Release|Any CPU = Release|Any CPU
	EndGlobalSection
	GlobalSection(ProjectConfigurationPlatforms) = postSolution
		{DDD11457-D154-431C-9A5A-431015F4A6BC}.Debug|Any CPU.ActiveCfg = Debug|Any CPU
		{DDD11457-D154-431C-9A5A-431015F4A6BC}.Debug|Any CPU.Build.0 = Debug|Any CPU
		{DDD11457-D154-431C-9A5A-431015F4A6BC}.Release|Any CPU.ActiveCfg = Release|Any CPU
		{DDD11457-D154-431C-9A5A-431015F4A6BC}.Release|Any CPU.Build.0 = Release|Any CPU
	EndGlobalSection
	GlobalSection(SolutionProperties) = preSolution
		HideSolutionNode = FALSE
	EndGlobalSection
	GlobalSection(ExtensibilityGlobals) = postSolution
		SolutionGuid = {E14D706B-451E-4C2D-8078-FD02299EF83C}
	EndGlobalSection
EndGlobal
