
Microsoft Visual Studio Solution File, Format Version 12.00
# Visual Studio Version 17
VisualStudioVersion = 17.11.35219.272
MinimumVisualStudioVersion = 10.0.40219.1
Project("{FAE04EC0-301F-11D3-BF4B-00C04F79EFBC}") = "Home Work 10.09.24", "Home Work 10.09.24\Home Work 10.09.24.csproj", "{F06E9073-887B-4AD7-95CA-1F4BCBC81401}"
EndProject
Global
	GlobalSection(SolutionConfigurationPlatforms) = preSolution
		Debug|Any CPU = Debug|Any CPU
		Release|Any CPU = Release|Any CPU
	EndGlobalSection
	GlobalSection(ProjectConfigurationPlatforms) = postSolution
		{F06E9073-887B-4AD7-95CA-1F4BCBC81401}.Debug|Any CPU.ActiveCfg = Debug|Any CPU
		{F06E9073-887B-4AD7-95CA-1F4BCBC81401}.Debug|Any CPU.Build.0 = Debug|Any CPU
		{F06E9073-887B-4AD7-95CA-1F4BCBC81401}.Release|Any CPU.ActiveCfg = Release|Any CPU
		{F06E9073-887B-4AD7-95CA-1F4BCBC81401}.Release|Any CPU.Build.0 = Release|Any CPU
	EndGlobalSection
	GlobalSection(SolutionProperties) = preSolution
		HideSolutionNode = FALSE
	EndGlobalSection
	GlobalSection(ExtensibilityGlobals) = postSolution
		SolutionGuid = {ACF6598C-898F-4BFF-965D-E4C93E62DA2B}
	EndGlobalSection
EndGlobal
