
Microsoft Visual Studio Solution File, Format Version 12.00
# Visual Studio Version 17
VisualStudioVersion = 17.11.35219.272
MinimumVisualStudioVersion = 10.0.40219.1
Project("{FAE04EC0-301F-11D3-BF4B-00C04F79EFBC}") = "Home Work 08.10.24", "Home Work 08.10.24\Home Work 08.10.24.csproj", "{084E430E-2578-4F05-BCEE-B77AAB859067}"
EndProject
Global
	GlobalSection(SolutionConfigurationPlatforms) = preSolution
		Debug|Any CPU = Debug|Any CPU
		Release|Any CPU = Release|Any CPU
	EndGlobalSection
	GlobalSection(ProjectConfigurationPlatforms) = postSolution
		{084E430E-2578-4F05-BCEE-B77AAB859067}.Debug|Any CPU.ActiveCfg = Debug|Any CPU
		{084E430E-2578-4F05-BCEE-B77AAB859067}.Debug|Any CPU.Build.0 = Debug|Any CPU
		{084E430E-2578-4F05-BCEE-B77AAB859067}.Release|Any CPU.ActiveCfg = Release|Any CPU
		{084E430E-2578-4F05-BCEE-B77AAB859067}.Release|Any CPU.Build.0 = Release|Any CPU
	EndGlobalSection
	GlobalSection(SolutionProperties) = preSolution
		HideSolutionNode = FALSE
	EndGlobalSection
	GlobalSection(ExtensibilityGlobals) = postSolution
		SolutionGuid = {AB1FD972-2036-4A51-80CE-07A6891BE9AE}
	EndGlobalSection
EndGlobal
