
Microsoft Visual Studio Solution File, Format Version 12.00
# Visual Studio Version 17
VisualStudioVersion = 17.11.35219.272
MinimumVisualStudioVersion = 10.0.40219.1
Project("{FAE04EC0-301F-11D3-BF4B-00C04F79EFBC}") = "WinFormsApp2", "WinFormsApp2\WinFormsApp2.csproj", "{418A8AE3-D0CB-4E50-9A04-D1D4B10C32EE}"
EndProject
Global
	GlobalSection(SolutionConfigurationPlatforms) = preSolution
		Debug|Any CPU = Debug|Any CPU
		Release|Any CPU = Release|Any CPU
	EndGlobalSection
	GlobalSection(ProjectConfigurationPlatforms) = postSolution
		{418A8AE3-D0CB-4E50-9A04-D1D4B10C32EE}.Debug|Any CPU.ActiveCfg = Debug|Any CPU
		{418A8AE3-D0CB-4E50-9A04-D1D4B10C32EE}.Debug|Any CPU.Build.0 = Debug|Any CPU
		{418A8AE3-D0CB-4E50-9A04-D1D4B10C32EE}.Release|Any CPU.ActiveCfg = Release|Any CPU
		{418A8AE3-D0CB-4E50-9A04-D1D4B10C32EE}.Release|Any CPU.Build.0 = Release|Any CPU
	EndGlobalSection
	GlobalSection(SolutionProperties) = preSolution
		HideSolutionNode = FALSE
	EndGlobalSection
	GlobalSection(ExtensibilityGlobals) = postSolution
		SolutionGuid = {EFB0EB6D-623B-4544-A6B4-DC649FA0D010}
	EndGlobalSection
EndGlobal
